// !$*UTF8*$!
{
	archiveVersion = 1;
	classes = {
	};
	objectVersion = 56;
	objects = {

/* Begin PBXBuildFile section */
		20D23F532B432C9E00E4C9A1 /* DesignKit.h in Headers */ = {isa = PBXBuildFile; fileRef = 20D23F522B432C9E00E4C9A1 /* DesignKit.h */; settings = {ATTRIBUTES = (Public, ); }; };
		20D23F612B432F7300E4C9A1 /* Extension+UICollectionView.swift in Sources */ = {isa = PBXBuildFile; fileRef = 20D23F602B432F7300E4C9A1 /* Extension+UICollectionView.swift */; };
		20D23F632B432F9D00E4C9A1 /* Extension+UIColor.swift in Sources */ = {isa = PBXBuildFile; fileRef = 20D23F622B432F9D00E4C9A1 /* Extension+UIColor.swift */; };
		20D23F652B432FB100E4C9A1 /* Extension+UIFont.swift in Sources */ = {isa = PBXBuildFile; fileRef = 20D23F642B432FB100E4C9A1 /* Extension+UIFont.swift */; };
		20D23F692B432FED00E4C9A1 /* ProductListCell.swift in Sources */ = {isa = PBXBuildFile; fileRef = 20D23F682B432FED00E4C9A1 /* ProductListCell.swift */; };
		20D23F6B2B43300800E4C9A1 /* ProductListCellModel.swift in Sources */ = {isa = PBXBuildFile; fileRef = 20D23F6A2B43300800E4C9A1 /* ProductListCellModel.swift */; };
		20D23F6E2B4330BB00E4C9A1 /* UtilityKit.framework in Frameworks */ = {isa = PBXBuildFile; fileRef = 20D23F6C2B4330AD00E4C9A1 /* UtilityKit.framework */; };
		20D23F7B2B4332F200E4C9A1 /* CustomCollectionFlowLayout.swift in Sources */ = {isa = PBXBuildFile; fileRef = 20D23F7A2B4332F200E4C9A1 /* CustomCollectionFlowLayout.swift */; };
		20D23F7E2B434DCE00E4C9A1 /* BagView.swift in Sources */ = {isa = PBXBuildFile; fileRef = 20D23F7D2B434DCE00E4C9A1 /* BagView.swift */; };
		20D23F802B434F8700E4C9A1 /* BagViewModel.swift in Sources */ = {isa = PBXBuildFile; fileRef = 20D23F7F2B434F8700E4C9A1 /* BagViewModel.swift */; };
		25A48069FB5535DEB4A19AFE /* libPods-DesignKit.a in Frameworks */ = {isa = PBXBuildFile; fileRef = 32A53CD76DE94DEBB0F42E86 /* libPods-DesignKit.a */; };
/* End PBXBuildFile section */

/* Begin PBXFileReference section */
		20D23F4F2B432C9E00E4C9A1 /* DesignKit.framework */ = {isa = PBXFileReference; explicitFileType = wrapper.framework; includeInIndex = 0; path = DesignKit.framework; sourceTree = BUILT_PRODUCTS_DIR; };
		20D23F522B432C9E00E4C9A1 /* DesignKit.h */ = {isa = PBXFileReference; lastKnownFileType = sourcecode.c.h; path = DesignKit.h; sourceTree = "<group>"; };
		20D23F602B432F7300E4C9A1 /* Extension+UICollectionView.swift */ = {isa = PBXFileReference; lastKnownFileType = sourcecode.swift; path = "Extension+UICollectionView.swift"; sourceTree = "<group>"; };
		20D23F622B432F9D00E4C9A1 /* Extension+UIColor.swift */ = {isa = PBXFileReference; lastKnownFileType = sourcecode.swift; path = "Extension+UIColor.swift"; sourceTree = "<group>"; };
		20D23F642B432FB100E4C9A1 /* Extension+UIFont.swift */ = {isa = PBXFileReference; lastKnownFileType = sourcecode.swift; path = "Extension+UIFont.swift"; sourceTree = "<group>"; };
		20D23F682B432FED00E4C9A1 /* ProductListCell.swift */ = {isa = PBXFileReference; lastKnownFileType = sourcecode.swift; path = ProductListCell.swift; sourceTree = "<group>"; };
		20D23F6A2B43300800E4C9A1 /* ProductListCellModel.swift */ = {isa = PBXFileReference; lastKnownFileType = sourcecode.swift; path = ProductListCellModel.swift; sourceTree = "<group>"; };
		20D23F6C2B4330AD00E4C9A1 /* UtilityKit.framework */ = {isa = PBXFileReference; explicitFileType = wrapper.framework; path = UtilityKit.framework; sourceTree = BUILT_PRODUCTS_DIR; };
		20D23F7A2B4332F200E4C9A1 /* CustomCollectionFlowLayout.swift */ = {isa = PBXFileReference; lastKnownFileType = sourcecode.swift; path = CustomCollectionFlowLayout.swift; sourceTree = "<group>"; };
		20D23F7D2B434DCE00E4C9A1 /* BagView.swift */ = {isa = PBXFileReference; lastKnownFileType = sourcecode.swift; path = BagView.swift; sourceTree = "<group>"; };
		20D23F7F2B434F8700E4C9A1 /* BagViewModel.swift */ = {isa = PBXFileReference; lastKnownFileType = sourcecode.swift; path = BagViewModel.swift; sourceTree = "<group>"; };
		2276EB182F74A6F652104900 /* Pods-DesignKit.debug.xcconfig */ = {isa = PBXFileReference; includeInIndex = 1; lastKnownFileType = text.xcconfig; name = "Pods-DesignKit.debug.xcconfig"; path = "Target Support Files/Pods-DesignKit/Pods-DesignKit.debug.xcconfig"; sourceTree = "<group>"; };
		32A53CD76DE94DEBB0F42E86 /* libPods-DesignKit.a */ = {isa = PBXFileReference; explicitFileType = archive.ar; includeInIndex = 0; path = "libPods-DesignKit.a"; sourceTree = BUILT_PRODUCTS_DIR; };
		C279D86CA5C626C8A97EAD47 /* Pods-DesignKit.release.xcconfig */ = {isa = PBXFileReference; includeInIndex = 1; lastKnownFileType = text.xcconfig; name = "Pods-DesignKit.release.xcconfig"; path = "Target Support Files/Pods-DesignKit/Pods-DesignKit.release.xcconfig"; sourceTree = "<group>"; };
/* End PBXFileReference section */

/* Begin PBXFrameworksBuildPhase section */
		20D23F4C2B432C9E00E4C9A1 /* Frameworks */ = {
			isa = PBXFrameworksBuildPhase;
			buildActionMask = 2147483647;
			files = (
				20D23F6E2B4330BB00E4C9A1 /* UtilityKit.framework in Frameworks */,
				25A48069FB5535DEB4A19AFE /* libPods-DesignKit.a in Frameworks */,
			);
			runOnlyForDeploymentPostprocessing = 0;
		};
/* End PBXFrameworksBuildPhase section */

/* Begin PBXGroup section */
		12821B7BCA642329CCAA9A4F /* Frameworks */ = {
			isa = PBXGroup;
			children = (
				20D23F6C2B4330AD00E4C9A1 /* UtilityKit.framework */,
				32A53CD76DE94DEBB0F42E86 /* libPods-DesignKit.a */,
			);
			name = Frameworks;
			sourceTree = "<group>";
		};
		20D23F452B432C9E00E4C9A1 = {
			isa = PBXGroup;
			children = (
				20D23F7C2B434DC100E4C9A1 /* View */,
				20D23F792B4332DE00E4C9A1 /* Layout */,
				20D23F662B432FC900E4C9A1 /* Cells */,
				20D23F5F2B432F6000E4C9A1 /* Extensions */,
				20D23F512B432C9E00E4C9A1 /* DesignKit */,
				20D23F502B432C9E00E4C9A1 /* Products */,
				CF2E2C6B1A9D7F3698D44E16 /* Pods */,
				12821B7BCA642329CCAA9A4F /* Frameworks */,
			);
			sourceTree = "<group>";
		};
		20D23F502B432C9E00E4C9A1 /* Products */ = {
			isa = PBXGroup;
			children = (
				20D23F4F2B432C9E00E4C9A1 /* DesignKit.framework */,
			);
			name = Products;
			sourceTree = "<group>";
		};
		20D23F512B432C9E00E4C9A1 /* DesignKit */ = {
			isa = PBXGroup;
			children = (
				20D23F522B432C9E00E4C9A1 /* DesignKit.h */,
			);
			path = DesignKit;
			sourceTree = "<group>";
		};
		20D23F5F2B432F6000E4C9A1 /* Extensions */ = {
			isa = PBXGroup;
			children = (
				20D23F602B432F7300E4C9A1 /* Extension+UICollectionView.swift */,
				20D23F622B432F9D00E4C9A1 /* Extension+UIColor.swift */,
				20D23F642B432FB100E4C9A1 /* Extension+UIFont.swift */,
			);
			path = Extensions;
			sourceTree = "<group>";
		};
		20D23F662B432FC900E4C9A1 /* Cells */ = {
			isa = PBXGroup;
			children = (
				20D23F672B432FD000E4C9A1 /* ProductListCollectionCell */,
			);
			path = Cells;
			sourceTree = "<group>";
		};
		20D23F672B432FD000E4C9A1 /* ProductListCollectionCell */ = {
			isa = PBXGroup;
			children = (
				20D23F682B432FED00E4C9A1 /* ProductListCell.swift */,
				20D23F6A2B43300800E4C9A1 /* ProductListCellModel.swift */,
			);
			path = ProductListCollectionCell;
			sourceTree = "<group>";
		};
		20D23F792B4332DE00E4C9A1 /* Layout */ = {
			isa = PBXGroup;
			children = (
				20D23F7A2B4332F200E4C9A1 /* CustomCollectionFlowLayout.swift */,
			);
			path = Layout;
			sourceTree = "<group>";
		};
		20D23F7C2B434DC100E4C9A1 /* View */ = {
			isa = PBXGroup;
			children = (
				20D23F7D2B434DCE00E4C9A1 /* BagView.swift */,
				20D23F7F2B434F8700E4C9A1 /* BagViewModel.swift */,
			);
			path = View;
			sourceTree = "<group>";
		};
		CF2E2C6B1A9D7F3698D44E16 /* Pods */ = {
			isa = PBXGroup;
			children = (
				2276EB182F74A6F652104900 /* Pods-DesignKit.debug.xcconfig */,
				C279D86CA5C626C8A97EAD47 /* Pods-DesignKit.release.xcconfig */,
			);
			name = Pods;
			path = ../Pods;
			sourceTree = "<group>";
		};
/* End PBXGroup section */

/* Begin PBXHeadersBuildPhase section */
		20D23F4A2B432C9E00E4C9A1 /* Headers */ = {
			isa = PBXHeadersBuildPhase;
			buildActionMask = 2147483647;
			files = (
				20D23F532B432C9E00E4C9A1 /* DesignKit.h in Headers */,
			);
			runOnlyForDeploymentPostprocessing = 0;
		};
/* End PBXHeadersBuildPhase section */

/* Begin PBXNativeTarget section */
		20D23F4E2B432C9E00E4C9A1 /* DesignKit */ = {
			isa = PBXNativeTarget;
			buildConfigurationList = 20D23F562B432C9E00E4C9A1 /* Build configuration list for PBXNativeTarget "DesignKit" */;
			buildPhases = (
				0C84CCF3B82797A85049CF08 /* [CP] Check Pods Manifest.lock */,
				20D23F4A2B432C9E00E4C9A1 /* Headers */,
				20D23F4B2B432C9E00E4C9A1 /* Sources */,
				20D23F4C2B432C9E00E4C9A1 /* Frameworks */,
				20D23F4D2B432C9E00E4C9A1 /* Resources */,
			);
			buildRules = (
			);
			dependencies = (
			);
			name = DesignKit;
			productName = DesignKit;
			productReference = 20D23F4F2B432C9E00E4C9A1 /* DesignKit.framework */;
			productType = "com.apple.product-type.framework";
		};
/* End PBXNativeTarget section */

/* Begin PBXProject section */
		20D23F462B432C9E00E4C9A1 /* Project object */ = {
			isa = PBXProject;
			attributes = {
				BuildIndependentTargetsInParallel = 1;
				LastUpgradeCheck = 1510;
				TargetAttributes = {
					20D23F4E2B432C9E00E4C9A1 = {
						CreatedOnToolsVersion = 15.1;
						LastSwiftMigration = 1510;
					};
				};
			};
			buildConfigurationList = 20D23F492B432C9E00E4C9A1 /* Build configuration list for PBXProject "DesignKit" */;
			compatibilityVersion = "Xcode 14.0";
			developmentRegion = en;
			hasScannedForEncodings = 0;
			knownRegions = (
				en,
				Base,
			);
			mainGroup = 20D23F452B432C9E00E4C9A1;
			productRefGroup = 20D23F502B432C9E00E4C9A1 /* Products */;
			projectDirPath = "";
			projectRoot = "";
			targets = (
				20D23F4E2B432C9E00E4C9A1 /* DesignKit */,
			);
		};
/* End PBXProject section */

/* Begin PBXResourcesBuildPhase section */
		20D23F4D2B432C9E00E4C9A1 /* Resources */ = {
			isa = PBXResourcesBuildPhase;
			buildActionMask = 2147483647;
			files = (
			);
			runOnlyForDeploymentPostprocessing = 0;
		};
/* End PBXResourcesBuildPhase section */

/* Begin PBXShellScriptBuildPhase section */
		0C84CCF3B82797A85049CF08 /* [CP] Check Pods Manifest.lock */ = {
			isa = PBXShellScriptBuildPhase;
			buildActionMask = 2147483647;
			files = (
			);
			inputFileListPaths = (
			);
			inputPaths = (
				"${PODS_PODFILE_DIR_PATH}/Podfile.lock",
				"${PODS_ROOT}/Manifest.lock",
			);
			name = "[CP] Check Pods Manifest.lock";
			outputFileListPaths = (
			);
			outputPaths = (
				"$(DERIVED_FILE_DIR)/Pods-DesignKit-checkManifestLockResult.txt",
			);
			runOnlyForDeploymentPostprocessing = 0;
			shellPath = /bin/sh;
			shellScript = "diff \"${PODS_PODFILE_DIR_PATH}/Podfile.lock\" \"${PODS_ROOT}/Manifest.lock\" > /dev/null\nif [ $? != 0 ] ; then\n    # print error to STDERR\n    echo \"error: The sandbox is not in sync with the Podfile.lock. Run 'pod install' or update your CocoaPods installation.\" >&2\n    exit 1\nfi\n# This output is used by Xcode 'outputs' to avoid re-running this script phase.\necho \"SUCCESS\" > \"${SCRIPT_OUTPUT_FILE_0}\"\n";
			showEnvVarsInLog = 0;
		};
/* End PBXShellScriptBuildPhase section */

/* Begin PBXSourcesBuildPhase section */
		20D23F4B2B432C9E00E4C9A1 /* Sources */ = {
			isa = PBXSourcesBuildPhase;
			buildActionMask = 2147483647;
			files = (
				20D23F7B2B4332F200E4C9A1 /* CustomCollectionFlowLayout.swift in Sources */,
				20D23F7E2B434DCE00E4C9A1 /* BagView.swift in Sources */,
				20D23F612B432F7300E4C9A1 /* Extension+UICollectionView.swift in Sources */,
				20D23F802B434F8700E4C9A1 /* BagViewModel.swift in Sources */,
				20D23F652B432FB100E4C9A1 /* Extension+UIFont.swift in Sources */,
				20D23F632B432F9D00E4C9A1 /* Extension+UIColor.swift in Sources */,
				20D23F692B432FED00E4C9A1 /* ProductListCell.swift in Sources */,
				20D23F6B2B43300800E4C9A1 /* ProductListCellModel.swift in Sources */,
			);
			runOnlyForDeploymentPostprocessing = 0;
		};
/* End PBXSourcesBuildPhase section */

/* Begin XCBuildConfiguration section */
		20D23F542B432C9E00E4C9A1 /* Debug */ = {
			isa = XCBuildConfiguration;
			buildSettings = {
				ALWAYS_SEARCH_USER_PATHS = NO;
				ASSETCATALOG_COMPILER_GENERATE_SWIFT_ASSET_SYMBOL_EXTENSIONS = YES;
				CLANG_ANALYZER_NONNULL = YES;
				CLANG_ANALYZER_NUMBER_OBJECT_CONVERSION = YES_AGGRESSIVE;
				CLANG_CXX_LANGUAGE_STANDARD = "gnu++20";
				CLANG_ENABLE_MODULES = YES;
				CLANG_ENABLE_OBJC_ARC = YES;
				CLANG_ENABLE_OBJC_WEAK = YES;
				CLANG_WARN_BLOCK_CAPTURE_AUTORELEASING = YES;
				CLANG_WARN_BOOL_CONVERSION = YES;
				CLANG_WARN_COMMA = YES;
				CLANG_WARN_CONSTANT_CONVERSION = YES;
				CLANG_WARN_DEPRECATED_OBJC_IMPLEMENTATIONS = YES;
				CLANG_WARN_DIRECT_OBJC_ISA_USAGE = YES_ERROR;
				CLANG_WARN_DOCUMENTATION_COMMENTS = YES;
				CLANG_WARN_EMPTY_BODY = YES;
				CLANG_WARN_ENUM_CONVERSION = YES;
				CLANG_WARN_INFINITE_RECURSION = YES;
				CLANG_WARN_INT_CONVERSION = YES;
				CLANG_WARN_NON_LITERAL_NULL_CONVERSION = YES;
				CLANG_WARN_OBJC_IMPLICIT_RETAIN_SELF = YES;
				CLANG_WARN_OBJC_LITERAL_CONVERSION = YES;
				CLANG_WARN_OBJC_ROOT_CLASS = YES_ERROR;
				CLANG_WARN_QUOTED_INCLUDE_IN_FRAMEWORK_HEADER = YES;
				CLANG_WARN_RANGE_LOOP_ANALYSIS = YES;
				CLANG_WARN_STRICT_PROTOTYPES = YES;
				CLANG_WARN_SUSPICIOUS_MOVE = YES;
				CLANG_WARN_UNGUARDED_AVAILABILITY = YES_AGGRESSIVE;
				CLANG_WARN_UNREACHABLE_CODE = YES;
				CLANG_WARN__DUPLICATE_METHOD_MATCH = YES;
				COPY_PHASE_STRIP = NO;
				CURRENT_PROJECT_VERSION = 1;
				DEBUG_INFORMATION_FORMAT = dwarf;
				ENABLE_STRICT_OBJC_MSGSEND = YES;
				ENABLE_TESTABILITY = YES;
				ENABLE_USER_SCRIPT_SANDBOXING = YES;
				GCC_C_LANGUAGE_STANDARD = gnu17;
				GCC_DYNAMIC_NO_PIC = NO;
				GCC_NO_COMMON_BLOCKS = YES;
				GCC_OPTIMIZATION_LEVEL = 0;
				GCC_PREPROCESSOR_DEFINITIONS = (
					"DEBUG=1",
					"$(inherited)",
				);
				GCC_WARN_64_TO_32_BIT_CONVERSION = YES;
				GCC_WARN_ABOUT_RETURN_TYPE = YES_ERROR;
				GCC_WARN_UNDECLARED_SELECTOR = YES;
				GCC_WARN_UNINITIALIZED_AUTOS = YES_AGGRESSIVE;
				GCC_WARN_UNUSED_FUNCTION = YES;
				GCC_WARN_UNUSED_VARIABLE = YES;
				IPHONEOS_DEPLOYMENT_TARGET = 17.2;
				LOCALIZATION_PREFERS_STRING_CATALOGS = YES;
				MTL_ENABLE_DEBUG_INFO = INCLUDE_SOURCE;
				MTL_FAST_MATH = YES;
				ONLY_ACTIVE_ARCH = YES;
				SDKROOT = iphoneos;
				SWIFT_ACTIVE_COMPILATION_CONDITIONS = "DEBUG $(inherited)";
				SWIFT_OPTIMIZATION_LEVEL = "-Onone";
				VERSIONING_SYSTEM = "apple-generic";
				VERSION_INFO_PREFIX = "";
			};
			name = Debug;
		};
		20D23F552B432C9E00E4C9A1 /* Release */ = {
			isa = XCBuildConfiguration;
			buildSettings = {
				ALWAYS_SEARCH_USER_PATHS = NO;
				ASSETCATALOG_COMPILER_GENERATE_SWIFT_ASSET_SYMBOL_EXTENSIONS = YES;
				CLANG_ANALYZER_NONNULL = YES;
				CLANG_ANALYZER_NUMBER_OBJECT_CONVERSION = YES_AGGRESSIVE;
				CLANG_CXX_LANGUAGE_STANDARD = "gnu++20";
				CLANG_ENABLE_MODULES = YES;
				CLANG_ENABLE_OBJC_ARC = YES;
				CLANG_ENABLE_OBJC_WEAK = YES;
				CLANG_WARN_BLOCK_CAPTURE_AUTORELEASING = YES;
				CLANG_WARN_BOOL_CONVERSION = YES;
				CLANG_WARN_COMMA = YES;
				CLANG_WARN_CONSTANT_CONVERSION = YES;
				CLANG_WARN_DEPRECATED_OBJC_IMPLEMENTATIONS = YES;
				CLANG_WARN_DIRECT_OBJC_ISA_USAGE = YES_ERROR;
				CLANG_WARN_DOCUMENTATION_COMMENTS = YES;
				CLANG_WARN_EMPTY_BODY = YES;
				CLANG_WARN_ENUM_CONVERSION = YES;
				CLANG_WARN_INFINITE_RECURSION = YES;
				CLANG_WARN_INT_CONVERSION = YES;
				CLANG_WARN_NON_LITERAL_NULL_CONVERSION = YES;
				CLANG_WARN_OBJC_IMPLICIT_RETAIN_SELF = YES;
				CLANG_WARN_OBJC_LITERAL_CONVERSION = YES;
				CLANG_WARN_OBJC_ROOT_CLASS = YES_ERROR;
				CLANG_WARN_QUOTED_INCLUDE_IN_FRAMEWORK_HEADER = YES;
				CLANG_WARN_RANGE_LOOP_ANALYSIS = YES;
				CLANG_WARN_STRICT_PROTOTYPES = YES;
				CLANG_WARN_SUSPICIOUS_MOVE = YES;
				CLANG_WARN_UNGUARDED_AVAILABILITY = YES_AGGRESSIVE;
				CLANG_WARN_UNREACHABLE_CODE = YES;
				CLANG_WARN__DUPLICATE_METHOD_MATCH = YES;
				COPY_PHASE_STRIP = NO;
				CURRENT_PROJECT_VERSION = 1;
				DEBUG_INFORMATION_FORMAT = "dwarf-with-dsym";
				ENABLE_NS_ASSERTIONS = NO;
				ENABLE_STRICT_OBJC_MSGSEND = YES;
				ENABLE_USER_SCRIPT_SANDBOXING = YES;
				GCC_C_LANGUAGE_STANDARD = gnu17;
				GCC_NO_COMMON_BLOCKS = YES;
				GCC_WARN_64_TO_32_BIT_CONVERSION = YES;
				GCC_WARN_ABOUT_RETURN_TYPE = YES_ERROR;
				GCC_WARN_UNDECLARED_SELECTOR = YES;
				GCC_WARN_UNINITIALIZED_AUTOS = YES_AGGRESSIVE;
				GCC_WARN_UNUSED_FUNCTION = YES;
				GCC_WARN_UNUSED_VARIABLE = YES;
				IPHONEOS_DEPLOYMENT_TARGET = 17.2;
				LOCALIZATION_PREFERS_STRING_CATALOGS = YES;
				MTL_ENABLE_DEBUG_INFO = NO;
				MTL_FAST_MATH = YES;
				SDKROOT = iphoneos;
				SWIFT_COMPILATION_MODE = wholemodule;
				VALIDATE_PRODUCT = YES;
				VERSIONING_SYSTEM = "apple-generic";
				VERSION_INFO_PREFIX = "";
			};
			name = Release;
		};
		20D23F572B432C9E00E4C9A1 /* Debug */ = {
			isa = XCBuildConfiguration;
			baseConfigurationReference = 2276EB182F74A6F652104900 /* Pods-DesignKit.debug.xcconfig */;
			buildSettings = {
				CLANG_ENABLE_MODULES = YES;
				CODE_SIGN_STYLE = Automatic;
				CURRENT_PROJECT_VERSION = 1;
				DEFINES_MODULE = YES;
				DEVELOPMENT_TEAM = MM2C8HD34J;
				DYLIB_COMPATIBILITY_VERSION = 1;
				DYLIB_CURRENT_VERSION = 1;
				DYLIB_INSTALL_NAME_BASE = "@rpath";
				ENABLE_MODULE_VERIFIER = YES;
				GENERATE_INFOPLIST_FILE = YES;
				INFOPLIST_KEY_NSHumanReadableCopyright = "";
				INSTALL_PATH = "$(LOCAL_LIBRARY_DIR)/Frameworks";
				IPHONEOS_DEPLOYMENT_TARGET = 17.0;
				LD_RUNPATH_SEARCH_PATHS = (
					"$(inherited)",
					"@executable_path/Frameworks",
					"@loader_path/Frameworks",
				);
				MARKETING_VERSION = 1.0;
				MODULE_VERIFIER_SUPPORTED_LANGUAGES = "objective-c objective-c++";
				MODULE_VERIFIER_SUPPORTED_LANGUAGE_STANDARDS = "gnu17 gnu++20";
				PRODUCT_BUNDLE_IDENTIFIER = com.dikranteymur.DesignKit;
				PRODUCT_NAME = "$(TARGET_NAME:c99extidentifier)";
				SKIP_INSTALL = YES;
				SWIFT_EMIT_LOC_STRINGS = YES;
				SWIFT_OPTIMIZATION_LEVEL = "-Onone";
				SWIFT_VERSION = 5.0;
				TARGETED_DEVICE_FAMILY = "1,2";
			};
			name = Debug;
		};
		20D23F582B432C9E00E4C9A1 /* Release */ = {
			isa = XCBuildConfiguration;
			baseConfigurationReference = C279D86CA5C626C8A97EAD47 /* Pods-DesignKit.release.xcconfig */;
			buildSettings = {
				CLANG_ENABLE_MODULES = YES;
				CODE_SIGN_STYLE = Automatic;
				CURRENT_PROJECT_VERSION = 1;
				DEFINES_MODULE = YES;
				DEVELOPMENT_TEAM = MM2C8HD34J;
				DYLIB_COMPATIBILITY_VERSION = 1;
				DYLIB_CURRENT_VERSION = 1;
				DYLIB_INSTALL_NAME_BASE = "@rpath";
				ENABLE_MODULE_VERIFIER = YES;
				GENERATE_INFOPLIST_FILE = YES;
				INFOPLIST_KEY_NSHumanReadableCopyright = "";
				INSTALL_PATH = "$(LOCAL_LIBRARY_DIR)/Frameworks";
				IPHONEOS_DEPLOYMENT_TARGET = 17.0;
				LD_RUNPATH_SEARCH_PATHS = (
					"$(inherited)",
					"@executable_path/Frameworks",
					"@loader_path/Frameworks",
				);
				MARKETING_VERSION = 1.0;
				MODULE_VERIFIER_SUPPORTED_LANGUAGES = "objective-c objective-c++";
				MODULE_VERIFIER_SUPPORTED_LANGUAGE_STANDARDS = "gnu17 gnu++20";
				PRODUCT_BUNDLE_IDENTIFIER = com.dikranteymur.DesignKit;
				PRODUCT_NAME = "$(TARGET_NAME:c99extidentifier)";
				SKIP_INSTALL = YES;
				SWIFT_EMIT_LOC_STRINGS = YES;
				SWIFT_VERSION = 5.0;
				TARGETED_DEVICE_FAMILY = "1,2";
			};
			name = Release;
		};
/* End XCBuildConfiguration section */

/* Begin XCConfigurationList section */
		20D23F492B432C9E00E4C9A1 /* Build configuration list for PBXProject "DesignKit" */ = {
			isa = XCConfigurationList;
			buildConfigurations = (
				20D23F542B432C9E00E4C9A1 /* Debug */,
				20D23F552B432C9E00E4C9A1 /* Release */,
			);
			defaultConfigurationIsVisible = 0;
			defaultConfigurationName = Release;
		};
		20D23F562B432C9E00E4C9A1 /* Build configuration list for PBXNativeTarget "DesignKit" */ = {
			isa = XCConfigurationList;
			buildConfigurations = (
				20D23F572B432C9E00E4C9A1 /* Debug */,
				20D23F582B432C9E00E4C9A1 /* Release */,
			);
			defaultConfigurationIsVisible = 0;
			defaultConfigurationName = Release;
		};
/* End XCConfigurationList section */
	};
	rootObject = 20D23F462B432C9E00E4C9A1 /* Project object */;
}
