// !$*UTF8*$!
{
	archiveVersion = 1;
	classes = {
	};
	objectVersion = 56;
	objects = {

/* Begin PBXBuildFile section */
		20D23DB82B42E09A00E4C9A1 /* AppDelegate.swift in Sources */ = {isa = PBXBuildFile; fileRef = 20D23DB72B42E09A00E4C9A1 /* AppDelegate.swift */; };
		20D23DC12B42E09D00E4C9A1 /* Images.xcassets in Resources */ = {isa = PBXBuildFile; fileRef = 20D23DC02B42E09D00E4C9A1 /* Images.xcassets */; };
		20D23DC42B42E09D00E4C9A1 /* LaunchScreen.storyboard in Resources */ = {isa = PBXBuildFile; fileRef = 20D23DC22B42E09D00E4C9A1 /* LaunchScreen.storyboard */; };
		20D23E602B42F09800E4C9A1 /* AppRouter.swift in Sources */ = {isa = PBXBuildFile; fileRef = 20D23E5F2B42F09800E4C9A1 /* AppRouter.swift */; };
		20D23E622B42F0A100E4C9A1 /* AppContainer.swift in Sources */ = {isa = PBXBuildFile; fileRef = 20D23E612B42F0A100E4C9A1 /* AppContainer.swift */; };
		20D23E682B42F16300E4C9A1 /* BaseViewModel.swift in Sources */ = {isa = PBXBuildFile; fileRef = 20D23E672B42F16300E4C9A1 /* BaseViewModel.swift */; };
		20D23E6A2B42F16B00E4C9A1 /* BaseViewController.swift in Sources */ = {isa = PBXBuildFile; fileRef = 20D23E692B42F16B00E4C9A1 /* BaseViewController.swift */; };
		20D23E6E2B42F8AE00E4C9A1 /* Colors.xcassets in Resources */ = {isa = PBXBuildFile; fileRef = 20D23E6D2B42F8AE00E4C9A1 /* Colors.xcassets */; };
		20D23E722B42FAE600E4C9A1 /* Raleway-Regular.ttf in Resources */ = {isa = PBXBuildFile; fileRef = 20D23E6F2B42FAE600E4C9A1 /* Raleway-Regular.ttf */; };
		20D23E732B42FAE600E4C9A1 /* Raleway-SemiBold.ttf in Resources */ = {isa = PBXBuildFile; fileRef = 20D23E702B42FAE600E4C9A1 /* Raleway-SemiBold.ttf */; };
		20D23E742B42FAE600E4C9A1 /* Raleway-Thin.ttf in Resources */ = {isa = PBXBuildFile; fileRef = 20D23E712B42FAE600E4C9A1 /* Raleway-Thin.ttf */; };
		20D23F3F2B432C4700E4C9A1 /* UtilityKit.framework in Frameworks */ = {isa = PBXBuildFile; fileRef = 20D23F3A2B432B7100E4C9A1 /* UtilityKit.framework */; };
		20D23F402B432C4700E4C9A1 /* UtilityKit.framework in Embed Frameworks */ = {isa = PBXBuildFile; fileRef = 20D23F3A2B432B7100E4C9A1 /* UtilityKit.framework */; settings = {ATTRIBUTES = (CodeSignOnCopy, RemoveHeadersOnCopy, ); }; };
		20D23F412B432C4900E4C9A1 /* NetworkKit.framework in Frameworks */ = {isa = PBXBuildFile; fileRef = 20D23F362B432B7100E4C9A1 /* NetworkKit.framework */; };
		20D23F422B432C4900E4C9A1 /* NetworkKit.framework in Embed Frameworks */ = {isa = PBXBuildFile; fileRef = 20D23F362B432B7100E4C9A1 /* NetworkKit.framework */; settings = {ATTRIBUTES = (CodeSignOnCopy, RemoveHeadersOnCopy, ); }; };
		20D23F442B432C4B00E4C9A1 /* DesignKit.framework in Embed Frameworks */ = {isa = PBXBuildFile; fileRef = 20D23F342B432B7100E4C9A1 /* DesignKit.framework */; settings = {ATTRIBUTES = (CodeSignOnCopy, RemoveHeadersOnCopy, ); }; };
		20D23F5A2B432CB900E4C9A1 /* DesignKit.framework in Frameworks */ = {isa = PBXBuildFile; fileRef = 20D23F592B432CB900E4C9A1 /* DesignKit.framework */; };
		20D23F762B4331F300E4C9A1 /* ProductListViewController.swift in Sources */ = {isa = PBXBuildFile; fileRef = 20D23F752B4331F300E4C9A1 /* ProductListViewController.swift */; };
		20D23F782B4331FC00E4C9A1 /* ProductListViewModel.swift in Sources */ = {isa = PBXBuildFile; fileRef = 20D23F772B4331FC00E4C9A1 /* ProductListViewModel.swift */; };
		20D23F8A2B43605A00E4C9A1 /* ProductListBuilder.swift in Sources */ = {isa = PBXBuildFile; fileRef = 20D23F892B43605A00E4C9A1 /* ProductListBuilder.swift */; };
		20D23F8D2B436FE200E4C9A1 /* Extension+ProductListCell.swift in Sources */ = {isa = PBXBuildFile; fileRef = 20D23F8C2B436FE200E4C9A1 /* Extension+ProductListCell.swift */; };
		20D23F8F2B437A9E00E4C9A1 /* Products.json in Resources */ = {isa = PBXBuildFile; fileRef = 20D23F8E2B437A9E00E4C9A1 /* Products.json */; };
		B8254D28828BEA82FA231C78 /* Pods_ECommerceApp.framework in Frameworks */ = {isa = PBXBuildFile; fileRef = 3983F6484EF91F957AB15970 /* Pods_ECommerceApp.framework */; };
/* End PBXBuildFile section */

/* Begin PBXCopyFilesBuildPhase section */
		20D23DEE2B42E49E00E4C9A1 /* Embed Frameworks */ = {
			isa = PBXCopyFilesBuildPhase;
			buildActionMask = 2147483647;
			dstPath = "";
			dstSubfolderSpec = 10;
			files = (
				20D23F442B432C4B00E4C9A1 /* DesignKit.framework in Embed Frameworks */,
				20D23F422B432C4900E4C9A1 /* NetworkKit.framework in Embed Frameworks */,
				20D23F402B432C4700E4C9A1 /* UtilityKit.framework in Embed Frameworks */,
			);
			name = "Embed Frameworks";
			runOnlyForDeploymentPostprocessing = 0;
		};
/* End PBXCopyFilesBuildPhase section */

/* Begin PBXFileReference section */
		20D23DB42B42E09A00E4C9A1 /* ECommerceApp.app */ = {isa = PBXFileReference; explicitFileType = wrapper.application; includeInIndex = 0; path = ECommerceApp.app; sourceTree = BUILT_PRODUCTS_DIR; };
		20D23DB72B42E09A00E4C9A1 /* AppDelegate.swift */ = {isa = PBXFileReference; lastKnownFileType = sourcecode.swift; path = AppDelegate.swift; sourceTree = "<group>"; };
		20D23DC02B42E09D00E4C9A1 /* Images.xcassets */ = {isa = PBXFileReference; lastKnownFileType = folder.assetcatalog; path = Images.xcassets; sourceTree = "<group>"; };
		20D23DC32B42E09D00E4C9A1 /* Base */ = {isa = PBXFileReference; lastKnownFileType = file.storyboard; name = Base; path = Base.lproj/LaunchScreen.storyboard; sourceTree = "<group>"; };
		20D23DC52B42E09D00E4C9A1 /* Info.plist */ = {isa = PBXFileReference; lastKnownFileType = text.plist.xml; path = Info.plist; sourceTree = "<group>"; };
		20D23E5F2B42F09800E4C9A1 /* AppRouter.swift */ = {isa = PBXFileReference; lastKnownFileType = sourcecode.swift; path = AppRouter.swift; sourceTree = "<group>"; };
		20D23E612B42F0A100E4C9A1 /* AppContainer.swift */ = {isa = PBXFileReference; lastKnownFileType = sourcecode.swift; path = AppContainer.swift; sourceTree = "<group>"; };
		20D23E672B42F16300E4C9A1 /* BaseViewModel.swift */ = {isa = PBXFileReference; lastKnownFileType = sourcecode.swift; path = BaseViewModel.swift; sourceTree = "<group>"; };
		20D23E692B42F16B00E4C9A1 /* BaseViewController.swift */ = {isa = PBXFileReference; lastKnownFileType = sourcecode.swift; path = BaseViewController.swift; sourceTree = "<group>"; };
		20D23E6D2B42F8AE00E4C9A1 /* Colors.xcassets */ = {isa = PBXFileReference; lastKnownFileType = folder.assetcatalog; path = Colors.xcassets; sourceTree = "<group>"; };
		20D23E6F2B42FAE600E4C9A1 /* Raleway-Regular.ttf */ = {isa = PBXFileReference; lastKnownFileType = file; path = "Raleway-Regular.ttf"; sourceTree = "<group>"; };
		20D23E702B42FAE600E4C9A1 /* Raleway-SemiBold.ttf */ = {isa = PBXFileReference; lastKnownFileType = file; path = "Raleway-SemiBold.ttf"; sourceTree = "<group>"; };
		20D23E712B42FAE600E4C9A1 /* Raleway-Thin.ttf */ = {isa = PBXFileReference; lastKnownFileType = file; path = "Raleway-Thin.ttf"; sourceTree = "<group>"; };
		20D23F292B4327E400E4C9A1 /* DesignKit.framework */ = {isa = PBXFileReference; explicitFileType = wrapper.framework; path = DesignKit.framework; sourceTree = BUILT_PRODUCTS_DIR; };
		20D23F2B2B4327E400E4C9A1 /* NetworkKit.framework */ = {isa = PBXFileReference; explicitFileType = wrapper.framework; path = NetworkKit.framework; sourceTree = BUILT_PRODUCTS_DIR; };
		20D23F2D2B4327E400E4C9A1 /* UtilityKit.framework */ = {isa = PBXFileReference; explicitFileType = wrapper.framework; path = UtilityKit.framework; sourceTree = BUILT_PRODUCTS_DIR; };
		20D23F342B432B7100E4C9A1 /* DesignKit.framework */ = {isa = PBXFileReference; explicitFileType = wrapper.framework; path = DesignKit.framework; sourceTree = BUILT_PRODUCTS_DIR; };
		20D23F362B432B7100E4C9A1 /* NetworkKit.framework */ = {isa = PBXFileReference; explicitFileType = wrapper.framework; path = NetworkKit.framework; sourceTree = BUILT_PRODUCTS_DIR; };
		20D23F3A2B432B7100E4C9A1 /* UtilityKit.framework */ = {isa = PBXFileReference; explicitFileType = wrapper.framework; path = UtilityKit.framework; sourceTree = BUILT_PRODUCTS_DIR; };
		20D23F592B432CB900E4C9A1 /* DesignKit.framework */ = {isa = PBXFileReference; explicitFileType = wrapper.framework; path = DesignKit.framework; sourceTree = BUILT_PRODUCTS_DIR; };
		20D23F752B4331F300E4C9A1 /* ProductListViewController.swift */ = {isa = PBXFileReference; lastKnownFileType = sourcecode.swift; path = ProductListViewController.swift; sourceTree = "<group>"; };
		20D23F772B4331FC00E4C9A1 /* ProductListViewModel.swift */ = {isa = PBXFileReference; lastKnownFileType = sourcecode.swift; path = ProductListViewModel.swift; sourceTree = "<group>"; };
		20D23F892B43605A00E4C9A1 /* ProductListBuilder.swift */ = {isa = PBXFileReference; lastKnownFileType = sourcecode.swift; path = ProductListBuilder.swift; sourceTree = "<group>"; };
		20D23F8C2B436FE200E4C9A1 /* Extension+ProductListCell.swift */ = {isa = PBXFileReference; lastKnownFileType = sourcecode.swift; path = "Extension+ProductListCell.swift"; sourceTree = "<group>"; };
		20D23F8E2B437A9E00E4C9A1 /* Products.json */ = {isa = PBXFileReference; lastKnownFileType = text.json; name = Products.json; path = NetworkKit/Products.json; sourceTree = "<group>"; };
		3983F6484EF91F957AB15970 /* Pods_ECommerceApp.framework */ = {isa = PBXFileReference; explicitFileType = wrapper.framework; includeInIndex = 0; path = Pods_ECommerceApp.framework; sourceTree = BUILT_PRODUCTS_DIR; };
		CEC52FBE93E9A3599F290863 /* Pods-ECommerceApp.release.xcconfig */ = {isa = PBXFileReference; includeInIndex = 1; lastKnownFileType = text.xcconfig; name = "Pods-ECommerceApp.release.xcconfig"; path = "Target Support Files/Pods-ECommerceApp/Pods-ECommerceApp.release.xcconfig"; sourceTree = "<group>"; };
		D875045320FAEC2E311F7C8C /* Pods-ECommerceApp.debug.xcconfig */ = {isa = PBXFileReference; includeInIndex = 1; lastKnownFileType = text.xcconfig; name = "Pods-ECommerceApp.debug.xcconfig"; path = "Target Support Files/Pods-ECommerceApp/Pods-ECommerceApp.debug.xcconfig"; sourceTree = "<group>"; };
/* End PBXFileReference section */

/* Begin PBXFrameworksBuildPhase section */
		20D23DB12B42E09A00E4C9A1 /* Frameworks */ = {
			isa = PBXFrameworksBuildPhase;
			buildActionMask = 2147483647;
			files = (
				20D23F5A2B432CB900E4C9A1 /* DesignKit.framework in Frameworks */,
				20D23F3F2B432C4700E4C9A1 /* UtilityKit.framework in Frameworks */,
				20D23F412B432C4900E4C9A1 /* NetworkKit.framework in Frameworks */,
				B8254D28828BEA82FA231C78 /* Pods_ECommerceApp.framework in Frameworks */,
			);
			runOnlyForDeploymentPostprocessing = 0;
		};
/* End PBXFrameworksBuildPhase section */

/* Begin PBXGroup section */
		20D23DAB2B42E09A00E4C9A1 = {
			isa = PBXGroup;
			children = (
				20D23F8E2B437A9E00E4C9A1 /* Products.json */,
				20D23DB62B42E09A00E4C9A1 /* ECommerceApp */,
				20D23DB52B42E09A00E4C9A1 /* Products */,
				F8DF9A4FA648FB9342831AE6 /* Pods */,
				3FCC05AA33B90EF4DE51821A /* Frameworks */,
			);
			sourceTree = "<group>";
		};
		20D23DB52B42E09A00E4C9A1 /* Products */ = {
			isa = PBXGroup;
			children = (
				20D23DB42B42E09A00E4C9A1 /* ECommerceApp.app */,
			);
			name = Products;
			sourceTree = "<group>";
		};
		20D23DB62B42E09A00E4C9A1 /* ECommerceApp */ = {
			isa = PBXGroup;
			children = (
				20D23F8B2B436F6200E4C9A1 /* Extension */,
				20D23F732B4331E300E4C9A1 /* Scene */,
				20D23E5E2B42F08A00E4C9A1 /* App */,
				20D23E662B42F15400E4C9A1 /* Base */,
				20D23E652B42F0F700E4C9A1 /* SupportingFiles */,
				20D23E642B42F0F100E4C9A1 /* Resources */,
			);
			path = ECommerceApp;
			sourceTree = "<group>";
		};
		20D23E5E2B42F08A00E4C9A1 /* App */ = {
			isa = PBXGroup;
			children = (
				20D23DB72B42E09A00E4C9A1 /* AppDelegate.swift */,
				20D23E612B42F0A100E4C9A1 /* AppContainer.swift */,
				20D23E5F2B42F09800E4C9A1 /* AppRouter.swift */,
			);
			path = App;
			sourceTree = "<group>";
		};
		20D23E642B42F0F100E4C9A1 /* Resources */ = {
			isa = PBXGroup;
			children = (
				20D23E6C2B42F84000E4C9A1 /* Assets */,
				20D23E6B2B42F83D00E4C9A1 /* Fonts */,
			);
			path = Resources;
			sourceTree = "<group>";
		};
		20D23E652B42F0F700E4C9A1 /* SupportingFiles */ = {
			isa = PBXGroup;
			children = (
				20D23DC22B42E09D00E4C9A1 /* LaunchScreen.storyboard */,
				20D23DC52B42E09D00E4C9A1 /* Info.plist */,
			);
			path = SupportingFiles;
			sourceTree = "<group>";
		};
		20D23E662B42F15400E4C9A1 /* Base */ = {
			isa = PBXGroup;
			children = (
				20D23E672B42F16300E4C9A1 /* BaseViewModel.swift */,
				20D23E692B42F16B00E4C9A1 /* BaseViewController.swift */,
			);
			path = Base;
			sourceTree = "<group>";
		};
		20D23E6B2B42F83D00E4C9A1 /* Fonts */ = {
			isa = PBXGroup;
			children = (
				20D23E6F2B42FAE600E4C9A1 /* Raleway-Regular.ttf */,
				20D23E702B42FAE600E4C9A1 /* Raleway-SemiBold.ttf */,
				20D23E712B42FAE600E4C9A1 /* Raleway-Thin.ttf */,
			);
			path = Fonts;
			sourceTree = "<group>";
		};
		20D23E6C2B42F84000E4C9A1 /* Assets */ = {
			isa = PBXGroup;
			children = (
				20D23DC02B42E09D00E4C9A1 /* Images.xcassets */,
				20D23E6D2B42F8AE00E4C9A1 /* Colors.xcassets */,
			);
			path = Assets;
			sourceTree = "<group>";
		};
		20D23F732B4331E300E4C9A1 /* Scene */ = {
			isa = PBXGroup;
			children = (
				20D23F742B4331E700E4C9A1 /* ProductList */,
			);
			path = Scene;
			sourceTree = "<group>";
		};
		20D23F742B4331E700E4C9A1 /* ProductList */ = {
			isa = PBXGroup;
			children = (
				20D23F892B43605A00E4C9A1 /* ProductListBuilder.swift */,
				20D23F752B4331F300E4C9A1 /* ProductListViewController.swift */,
				20D23F772B4331FC00E4C9A1 /* ProductListViewModel.swift */,
			);
			path = ProductList;
			sourceTree = "<group>";
		};
		20D23F8B2B436F6200E4C9A1 /* Extension */ = {
			isa = PBXGroup;
			children = (
				20D23F8C2B436FE200E4C9A1 /* Extension+ProductListCell.swift */,
			);
			path = Extension;
			sourceTree = "<group>";
		};
		3FCC05AA33B90EF4DE51821A /* Frameworks */ = {
			isa = PBXGroup;
			children = (
				20D23F592B432CB900E4C9A1 /* DesignKit.framework */,
				20D23F342B432B7100E4C9A1 /* DesignKit.framework */,
				20D23F362B432B7100E4C9A1 /* NetworkKit.framework */,
				20D23F3A2B432B7100E4C9A1 /* UtilityKit.framework */,
				20D23F292B4327E400E4C9A1 /* DesignKit.framework */,
				20D23F2B2B4327E400E4C9A1 /* NetworkKit.framework */,
				20D23F2D2B4327E400E4C9A1 /* UtilityKit.framework */,
				3983F6484EF91F957AB15970 /* Pods_ECommerceApp.framework */,
			);
			name = Frameworks;
			sourceTree = "<group>";
		};
		F8DF9A4FA648FB9342831AE6 /* Pods */ = {
			isa = PBXGroup;
			children = (
				D875045320FAEC2E311F7C8C /* Pods-ECommerceApp.debug.xcconfig */,
				CEC52FBE93E9A3599F290863 /* Pods-ECommerceApp.release.xcconfig */,
			);
			path = Pods;
			sourceTree = "<group>";
		};
/* End PBXGroup section */

/* Begin PBXNativeTarget section */
		20D23DB32B42E09A00E4C9A1 /* ECommerceApp */ = {
			isa = PBXNativeTarget;
			buildConfigurationList = 20D23DC82B42E09D00E4C9A1 /* Build configuration list for PBXNativeTarget "ECommerceApp" */;
			buildPhases = (
				2F5D5DF4829742529E18DA99 /* [CP] Check Pods Manifest.lock */,
				20D23DB02B42E09A00E4C9A1 /* Sources */,
				20D23DB12B42E09A00E4C9A1 /* Frameworks */,
				20D23DB22B42E09A00E4C9A1 /* Resources */,
				20D23DEE2B42E49E00E4C9A1 /* Embed Frameworks */,
				B9B7480A824E63190D0BCC37 /* [CP] Embed Pods Frameworks */,
			);
			buildRules = (
			);
			dependencies = (
			);
			name = ECommerceApp;
			productName = ECommerceApp;
			productReference = 20D23DB42B42E09A00E4C9A1 /* ECommerceApp.app */;
			productType = "com.apple.product-type.application";
		};
/* End PBXNativeTarget section */

/* Begin PBXProject section */
		20D23DAC2B42E09A00E4C9A1 /* Project object */ = {
			isa = PBXProject;
			attributes = {
				BuildIndependentTargetsInParallel = 1;
				LastSwiftUpdateCheck = 1510;
				LastUpgradeCheck = 1510;
				TargetAttributes = {
					20D23DB32B42E09A00E4C9A1 = {
						CreatedOnToolsVersion = 15.1;
					};
				};
			};
			buildConfigurationList = 20D23DAF2B42E09A00E4C9A1 /* Build configuration list for PBXProject "ECommerceApp" */;
			compatibilityVersion = "Xcode 14.0";
			developmentRegion = en;
			hasScannedForEncodings = 0;
			knownRegions = (
				en,
				Base,
			);
			mainGroup = 20D23DAB2B42E09A00E4C9A1;
			productRefGroup = 20D23DB52B42E09A00E4C9A1 /* Products */;
			projectDirPath = "";
			projectRoot = "";
			targets = (
				20D23DB32B42E09A00E4C9A1 /* ECommerceApp */,
			);
		};
/* End PBXProject section */

/* Begin PBXResourcesBuildPhase section */
		20D23DB22B42E09A00E4C9A1 /* Resources */ = {
			isa = PBXResourcesBuildPhase;
			buildActionMask = 2147483647;
			files = (
				20D23F8F2B437A9E00E4C9A1 /* Products.json in Resources */,
				20D23E6E2B42F8AE00E4C9A1 /* Colors.xcassets in Resources */,
				20D23DC42B42E09D00E4C9A1 /* LaunchScreen.storyboard in Resources */,
				20D23DC12B42E09D00E4C9A1 /* Images.xcassets in Resources */,
				20D23E742B42FAE600E4C9A1 /* Raleway-Thin.ttf in Resources */,
				20D23E722B42FAE600E4C9A1 /* Raleway-Regular.ttf in Resources */,
				20D23E732B42FAE600E4C9A1 /* Raleway-SemiBold.ttf in Resources */,
			);
			runOnlyForDeploymentPostprocessing = 0;
		};
/* End PBXResourcesBuildPhase section */

/* Begin PBXShellScriptBuildPhase section */
		2F5D5DF4829742529E18DA99 /* [CP] Check Pods Manifest.lock */ = {
			isa = PBXShellScriptBuildPhase;
			buildActionMask = 2147483647;
			files = (
			);
			inputFileListPaths = (
			);
			inputPaths = (
				"${PODS_PODFILE_DIR_PATH}/Podfile.lock",
				"${PODS_ROOT}/Manifest.lock",
			);
			name = "[CP] Check Pods Manifest.lock";
			outputFileListPaths = (
			);
			outputPaths = (
				"$(DERIVED_FILE_DIR)/Pods-ECommerceApp-checkManifestLockResult.txt",
			);
			runOnlyForDeploymentPostprocessing = 0;
			shellPath = /bin/sh;
			shellScript = "diff \"${PODS_PODFILE_DIR_PATH}/Podfile.lock\" \"${PODS_ROOT}/Manifest.lock\" > /dev/null\nif [ $? != 0 ] ; then\n    # print error to STDERR\n    echo \"error: The sandbox is not in sync with the Podfile.lock. Run 'pod install' or update your CocoaPods installation.\" >&2\n    exit 1\nfi\n# This output is used by Xcode 'outputs' to avoid re-running this script phase.\necho \"SUCCESS\" > \"${SCRIPT_OUTPUT_FILE_0}\"\n";
			showEnvVarsInLog = 0;
		};
		B9B7480A824E63190D0BCC37 /* [CP] Embed Pods Frameworks */ = {
			isa = PBXShellScriptBuildPhase;
			buildActionMask = 2147483647;
			files = (
			);
			inputFileListPaths = (
				"${PODS_ROOT}/Target Support Files/Pods-ECommerceApp/Pods-ECommerceApp-frameworks-${CONFIGURATION}-input-files.xcfilelist",
			);
			name = "[CP] Embed Pods Frameworks";
			outputFileListPaths = (
				"${PODS_ROOT}/Target Support Files/Pods-ECommerceApp/Pods-ECommerceApp-frameworks-${CONFIGURATION}-output-files.xcfilelist",
			);
			runOnlyForDeploymentPostprocessing = 0;
			shellPath = /bin/sh;
			shellScript = "\"${PODS_ROOT}/Target Support Files/Pods-ECommerceApp/Pods-ECommerceApp-frameworks.sh\"\n";
			showEnvVarsInLog = 0;
		};
/* End PBXShellScriptBuildPhase section */

/* Begin PBXSourcesBuildPhase section */
		20D23DB02B42E09A00E4C9A1 /* Sources */ = {
			isa = PBXSourcesBuildPhase;
			buildActionMask = 2147483647;
			files = (
				20D23E6A2B42F16B00E4C9A1 /* BaseViewController.swift in Sources */,
				20D23E602B42F09800E4C9A1 /* AppRouter.swift in Sources */,
				20D23E682B42F16300E4C9A1 /* BaseViewModel.swift in Sources */,
				20D23F782B4331FC00E4C9A1 /* ProductListViewModel.swift in Sources */,
				20D23E622B42F0A100E4C9A1 /* AppContainer.swift in Sources */,
				20D23F762B4331F300E4C9A1 /* ProductListViewController.swift in Sources */,
				20D23DB82B42E09A00E4C9A1 /* AppDelegate.swift in Sources */,
				20D23F8D2B436FE200E4C9A1 /* Extension+ProductListCell.swift in Sources */,
				20D23F8A2B43605A00E4C9A1 /* ProductListBuilder.swift in Sources */,
			);
			runOnlyForDeploymentPostprocessing = 0;
		};
/* End PBXSourcesBuildPhase section */

/* Begin PBXVariantGroup section */
		20D23DC22B42E09D00E4C9A1 /* LaunchScreen.storyboard */ = {
			isa = PBXVariantGroup;
			children = (
				20D23DC32B42E09D00E4C9A1 /* Base */,
			);
			name = LaunchScreen.storyboard;
			sourceTree = "<group>";
		};
/* End PBXVariantGroup section */

/* Begin XCBuildConfiguration section */
		20D23DC62B42E09D00E4C9A1 /* Debug */ = {
			isa = XCBuildConfiguration;
			buildSettings = {
				ALWAYS_SEARCH_USER_PATHS = NO;
				ASSETCATALOG_COMPILER_GENERATE_SWIFT_ASSET_SYMBOL_EXTENSIONS = YES;
				CLANG_ANALYZER_NONNULL = YES;
				CLANG_ANALYZER_NUMBER_OBJECT_CONVERSION = YES_AGGRESSIVE;
				CLANG_CXX_LANGUAGE_STANDARD = "gnu++20";
				CLANG_ENABLE_MODULES = YES;
				CLANG_ENABLE_OBJC_ARC = YES;
				CLANG_ENABLE_OBJC_WEAK = YES;
				CLANG_WARN_BLOCK_CAPTURE_AUTORELEASING = YES;
				CLANG_WARN_BOOL_CONVERSION = YES;
				CLANG_WARN_COMMA = YES;
				CLANG_WARN_CONSTANT_CONVERSION = YES;
				CLANG_WARN_DEPRECATED_OBJC_IMPLEMENTATIONS = YES;
				CLANG_WARN_DIRECT_OBJC_ISA_USAGE = YES_ERROR;
				CLANG_WARN_DOCUMENTATION_COMMENTS = YES;
				CLANG_WARN_EMPTY_BODY = YES;
				CLANG_WARN_ENUM_CONVERSION = YES;
				CLANG_WARN_INFINITE_RECURSION = YES;
				CLANG_WARN_INT_CONVERSION = YES;
				CLANG_WARN_NON_LITERAL_NULL_CONVERSION = YES;
				CLANG_WARN_OBJC_IMPLICIT_RETAIN_SELF = YES;
				CLANG_WARN_OBJC_LITERAL_CONVERSION = YES;
				CLANG_WARN_OBJC_ROOT_CLASS = YES_ERROR;
				CLANG_WARN_QUOTED_INCLUDE_IN_FRAMEWORK_HEADER = YES;
				CLANG_WARN_RANGE_LOOP_ANALYSIS = YES;
				CLANG_WARN_STRICT_PROTOTYPES = YES;
				CLANG_WARN_SUSPICIOUS_MOVE = YES;
				CLANG_WARN_UNGUARDED_AVAILABILITY = YES_AGGRESSIVE;
				CLANG_WARN_UNREACHABLE_CODE = YES;
				CLANG_WARN__DUPLICATE_METHOD_MATCH = YES;
				COPY_PHASE_STRIP = NO;
				DEBUG_INFORMATION_FORMAT = dwarf;
				ENABLE_STRICT_OBJC_MSGSEND = YES;
				ENABLE_TESTABILITY = YES;
				ENABLE_USER_SCRIPT_SANDBOXING = NO;
				GCC_C_LANGUAGE_STANDARD = gnu17;
				GCC_DYNAMIC_NO_PIC = NO;
				GCC_NO_COMMON_BLOCKS = YES;
				GCC_OPTIMIZATION_LEVEL = 0;
				GCC_PREPROCESSOR_DEFINITIONS = (
					"DEBUG=1",
					"$(inherited)",
				);
				GCC_WARN_64_TO_32_BIT_CONVERSION = YES;
				GCC_WARN_ABOUT_RETURN_TYPE = YES_ERROR;
				GCC_WARN_UNDECLARED_SELECTOR = YES;
				GCC_WARN_UNINITIALIZED_AUTOS = YES_AGGRESSIVE;
				GCC_WARN_UNUSED_FUNCTION = YES;
				GCC_WARN_UNUSED_VARIABLE = YES;
				IPHONEOS_DEPLOYMENT_TARGET = 17.2;
				LOCALIZATION_PREFERS_STRING_CATALOGS = YES;
				MTL_ENABLE_DEBUG_INFO = INCLUDE_SOURCE;
				MTL_FAST_MATH = YES;
				ONLY_ACTIVE_ARCH = YES;
				SDKROOT = iphoneos;
				SWIFT_ACTIVE_COMPILATION_CONDITIONS = "DEBUG $(inherited)";
				SWIFT_OPTIMIZATION_LEVEL = "-Onone";
			};
			name = Debug;
		};
		20D23DC72B42E09D00E4C9A1 /* Release */ = {
			isa = XCBuildConfiguration;
			buildSettings = {
				ALWAYS_SEARCH_USER_PATHS = NO;
				ASSETCATALOG_COMPILER_GENERATE_SWIFT_ASSET_SYMBOL_EXTENSIONS = YES;
				CLANG_ANALYZER_NONNULL = YES;
				CLANG_ANALYZER_NUMBER_OBJECT_CONVERSION = YES_AGGRESSIVE;
				CLANG_CXX_LANGUAGE_STANDARD = "gnu++20";
				CLANG_ENABLE_MODULES = YES;
				CLANG_ENABLE_OBJC_ARC = YES;
				CLANG_ENABLE_OBJC_WEAK = YES;
				CLANG_WARN_BLOCK_CAPTURE_AUTORELEASING = YES;
				CLANG_WARN_BOOL_CONVERSION = YES;
				CLANG_WARN_COMMA = YES;
				CLANG_WARN_CONSTANT_CONVERSION = YES;
				CLANG_WARN_DEPRECATED_OBJC_IMPLEMENTATIONS = YES;
				CLANG_WARN_DIRECT_OBJC_ISA_USAGE = YES_ERROR;
				CLANG_WARN_DOCUMENTATION_COMMENTS = YES;
				CLANG_WARN_EMPTY_BODY = YES;
				CLANG_WARN_ENUM_CONVERSION = YES;
				CLANG_WARN_INFINITE_RECURSION = YES;
				CLANG_WARN_INT_CONVERSION = YES;
				CLANG_WARN_NON_LITERAL_NULL_CONVERSION = YES;
				CLANG_WARN_OBJC_IMPLICIT_RETAIN_SELF = YES;
				CLANG_WARN_OBJC_LITERAL_CONVERSION = YES;
				CLANG_WARN_OBJC_ROOT_CLASS = YES_ERROR;
				CLANG_WARN_QUOTED_INCLUDE_IN_FRAMEWORK_HEADER = YES;
				CLANG_WARN_RANGE_LOOP_ANALYSIS = YES;
				CLANG_WARN_STRICT_PROTOTYPES = YES;
				CLANG_WARN_SUSPICIOUS_MOVE = YES;
				CLANG_WARN_UNGUARDED_AVAILABILITY = YES_AGGRESSIVE;
				CLANG_WARN_UNREACHABLE_CODE = YES;
				CLANG_WARN__DUPLICATE_METHOD_MATCH = YES;
				COPY_PHASE_STRIP = NO;
				DEBUG_INFORMATION_FORMAT = "dwarf-with-dsym";
				ENABLE_NS_ASSERTIONS = NO;
				ENABLE_STRICT_OBJC_MSGSEND = YES;
				ENABLE_USER_SCRIPT_SANDBOXING = NO;
				GCC_C_LANGUAGE_STANDARD = gnu17;
				GCC_NO_COMMON_BLOCKS = YES;
				GCC_WARN_64_TO_32_BIT_CONVERSION = YES;
				GCC_WARN_ABOUT_RETURN_TYPE = YES_ERROR;
				GCC_WARN_UNDECLARED_SELECTOR = YES;
				GCC_WARN_UNINITIALIZED_AUTOS = YES_AGGRESSIVE;
				GCC_WARN_UNUSED_FUNCTION = YES;
				GCC_WARN_UNUSED_VARIABLE = YES;
				IPHONEOS_DEPLOYMENT_TARGET = 17.2;
				LOCALIZATION_PREFERS_STRING_CATALOGS = YES;
				MTL_ENABLE_DEBUG_INFO = NO;
				MTL_FAST_MATH = YES;
				SDKROOT = iphoneos;
				SWIFT_COMPILATION_MODE = wholemodule;
				VALIDATE_PRODUCT = YES;
			};
			name = Release;
		};
		20D23DC92B42E09D00E4C9A1 /* Debug */ = {
			isa = XCBuildConfiguration;
			baseConfigurationReference = D875045320FAEC2E311F7C8C /* Pods-ECommerceApp.debug.xcconfig */;
			buildSettings = {
				ASSETCATALOG_COMPILER_APPICON_NAME = AppIcon;
				ASSETCATALOG_COMPILER_GLOBAL_ACCENT_COLOR_NAME = AccentColor;
				CODE_SIGN_STYLE = Automatic;
				CURRENT_PROJECT_VERSION = 1;
				DEVELOPMENT_TEAM = MM2C8HD34J;
				GENERATE_INFOPLIST_FILE = YES;
				INFOPLIST_FILE = ECommerceApp/SupportingFiles/Info.plist;
				INFOPLIST_KEY_UIApplicationSupportsIndirectInputEvents = YES;
				INFOPLIST_KEY_UILaunchStoryboardName = LaunchScreen;
				INFOPLIST_KEY_UISupportedInterfaceOrientations_iPad = "UIInterfaceOrientationPortrait UIInterfaceOrientationPortraitUpsideDown UIInterfaceOrientationLandscapeLeft UIInterfaceOrientationLandscapeRight";
				INFOPLIST_KEY_UISupportedInterfaceOrientations_iPhone = "UIInterfaceOrientationPortrait UIInterfaceOrientationLandscapeLeft UIInterfaceOrientationLandscapeRight";
				IPHONEOS_DEPLOYMENT_TARGET = 17.0;
				LD_RUNPATH_SEARCH_PATHS = (
					"$(inherited)",
					"@executable_path/Frameworks",
				);
				MARKETING_VERSION = 1.0;
				PRODUCT_BUNDLE_IDENTIFIER = com.dikranteymur.ECommerceApp;
				PRODUCT_NAME = "$(TARGET_NAME)";
				SWIFT_EMIT_LOC_STRINGS = YES;
				SWIFT_VERSION = 5.0;
				TARGETED_DEVICE_FAMILY = "1,2";
			};
			name = Debug;
		};
		20D23DCA2B42E09D00E4C9A1 /* Release */ = {
			isa = XCBuildConfiguration;
			baseConfigurationReference = CEC52FBE93E9A3599F290863 /* Pods-ECommerceApp.release.xcconfig */;
			buildSettings = {
				ASSETCATALOG_COMPILER_APPICON_NAME = AppIcon;
				ASSETCATALOG_COMPILER_GLOBAL_ACCENT_COLOR_NAME = AccentColor;
				CODE_SIGN_STYLE = Automatic;
				CURRENT_PROJECT_VERSION = 1;
				DEVELOPMENT_TEAM = MM2C8HD34J;
				GENERATE_INFOPLIST_FILE = YES;
				INFOPLIST_FILE = ECommerceApp/SupportingFiles/Info.plist;
				INFOPLIST_KEY_UIApplicationSupportsIndirectInputEvents = YES;
				INFOPLIST_KEY_UILaunchStoryboardName = LaunchScreen;
				INFOPLIST_KEY_UISupportedInterfaceOrientations_iPad = "UIInterfaceOrientationPortrait UIInterfaceOrientationPortraitUpsideDown UIInterfaceOrientationLandscapeLeft UIInterfaceOrientationLandscapeRight";
				INFOPLIST_KEY_UISupportedInterfaceOrientations_iPhone = "UIInterfaceOrientationPortrait UIInterfaceOrientationLandscapeLeft UIInterfaceOrientationLandscapeRight";
				IPHONEOS_DEPLOYMENT_TARGET = 17.0;
				LD_RUNPATH_SEARCH_PATHS = (
					"$(inherited)",
					"@executable_path/Frameworks",
				);
				MARKETING_VERSION = 1.0;
				PRODUCT_BUNDLE_IDENTIFIER = com.dikranteymur.ECommerceApp;
				PRODUCT_NAME = "$(TARGET_NAME)";
				SWIFT_EMIT_LOC_STRINGS = YES;
				SWIFT_VERSION = 5.0;
				TARGETED_DEVICE_FAMILY = "1,2";
			};
			name = Release;
		};
/* End XCBuildConfiguration section */

/* Begin XCConfigurationList section */
		20D23DAF2B42E09A00E4C9A1 /* Build configuration list for PBXProject "ECommerceApp" */ = {
			isa = XCConfigurationList;
			buildConfigurations = (
				20D23DC62B42E09D00E4C9A1 /* Debug */,
				20D23DC72B42E09D00E4C9A1 /* Release */,
			);
			defaultConfigurationIsVisible = 0;
			defaultConfigurationName = Release;
		};
		20D23DC82B42E09D00E4C9A1 /* Build configuration list for PBXNativeTarget "ECommerceApp" */ = {
			isa = XCConfigurationList;
			buildConfigurations = (
				20D23DC92B42E09D00E4C9A1 /* Debug */,
				20D23DCA2B42E09D00E4C9A1 /* Release */,
			);
			defaultConfigurationIsVisible = 0;
			defaultConfigurationName = Release;
		};
/* End XCConfigurationList section */
	};
	rootObject = 20D23DAC2B42E09A00E4C9A1 /* Project object */;
}
